<?xml version="1.0" encoding="utf-8"?>
<Project ToolsVersion="4.0" xmlns="http://schemas.microsoft.com/developer/msbuild/2003">
  <ItemGroup>
    <Filter Include="Source Files">
      <UniqueIdentifier>{4FC737F1-C7A5-4376-A066-2A32D752A2FF}</UniqueIdentifier>
      <Extensions>cpp;c;cc;cxx;def;odl;idl;hpj;bat;asm;asmx</Extensions>
    </Filter>
    <Filter Include="Header Files">
      <UniqueIdentifier>{93995380-89BD-4b04-88EB-625FBE52EBFB}</UniqueIdentifier>
      <Extensions>h;hpp;hxx;hm;inl;inc;xsd</Extensions>
    </Filter>
    <Filter Include="Resource Files">
      <UniqueIdentifier>{67DA6AB6-F800-4c08-8B7A-83BB121AAD01}</UniqueIdentifier>
      <Extensions>rc;ico;cur;bmp;dlg;rc2;rct;bin;rgs;gif;jpg;jpeg;jpe;resx;tiff;tif;png;wav;mfcribbon-ms</Extensions>
    </Filter>
    <Filter Include="Misc">
      <UniqueIdentifier>{bb6518c1-a87c-4db2-a957-1142854c3ec3}</UniqueIdentifier>
    </Filter>
  </ItemGroup>
  <ItemGroup>
    <None Include="res\LzwTest.rc2">
      <Filter>Resource Files</Filter>
    </None>
    <None Include="res\LzwTest.ico">
      <Filter>Resource Files</Filter>
    </None>
    <None Include="license.txt">
      <Filter>Misc</Filter>
    </None>
  </ItemGroup>
  <ItemGroup>
    <ClInclude Include="LzwTest.h">
      <Filter>Header Files</Filter>
    </ClInclude>
    <ClInclude Include="LzwTestDlg.h">
      <Filter>Header Files</Filter>
    </ClInclude>
    <ClInclude Include="targetver.h">
      <Filter>Header Files</Filter>
    </ClInclude>
    <ClInclude Include="Resource.h">
      <Filter>Header Files</Filter>
    </ClInclude>
    <ClInclude Include="lzw.h">
      <Filter>Header Files</Filter>
    </ClInclude>
    <ClInclude Include="lzw_streambase.h">
      <Filter>Header Files</Filter>
    </ClInclude>
    <ClInclude Include="lzw-a.h">
      <Filter>Header Files</Filter>
    </ClInclude>
    <ClInclude Include="lzw-b.h">
      <Filter>Header Files</Filter>
    </ClInclude>
    <ClInclude Include="lzw-c.h">
      <Filter>Header Files</Filter>
    </ClInclude>
    <ClInclude Include="lzw-d.h">
      <Filter>Header Files</Filter>
    </ClInclude>
    <ClInclude Include="stdafx.h">
      <Filter>Header Files</Filter>
    </ClInclude>
  </ItemGroup>
  <ItemGroup>
    <ClCompile Include="LzwTest.cpp">
      <Filter>Source Files</Filter>
    </ClCompile>
    <ClCompile Include="LzwTestDlg.cpp">
      <Filter>Source Files</Filter>
    </ClCompile>
  </ItemGroup>
  <ItemGroup>
    <ResourceCompile Include="LzwTest.rc">
      <Filter>Resource Files</Filter>
    </ResourceCompile>
  </ItemGroup>
</Project>